
Microsoft Visual Studio Solution File, Format Version 12.00
Project("{FAE04EC0-301F-11D3-BF4B-00C04F79EFBC}") = "RetiredCodewarsKata", "RetiredCodewarsKata\RetiredCodewarsKata.csproj", "{58CFEFCC-22C6-4557-A46E-8218B2F4801E}"
EndProject
Project("{FAE04EC0-301F-11D3-BF4B-00C04F79EFBC}") = "RetiredCodewarsKata.Tests", "RetiredCodewarsKata.Tests\RetiredCodewarsKata.Tests.csproj", "{1BE4ECE4-565E-4589-9FD8-670D47D674CF}"
EndProject
Global
	GlobalSection(SolutionConfigurationPlatforms) = preSolution
		Debug|Any CPU = Debug|Any CPU
		Release|Any CPU = Release|Any CPU
	EndGlobalSection
	GlobalSection(ProjectConfigurationPlatforms) = postSolution
		{58CFEFCC-22C6-4557-A46E-8218B2F4801E}.Debug|Any CPU.ActiveCfg = Debug|Any CPU
		{58CFEFCC-22C6-4557-A46E-8218B2F4801E}.Debug|Any CPU.Build.0 = Debug|Any CPU
		{58CFEFCC-22C6-4557-A46E-8218B2F4801E}.Release|Any CPU.ActiveCfg = Release|Any CPU
		{58CFEFCC-22C6-4557-A46E-8218B2F4801E}.Release|Any CPU.Build.0 = Release|Any CPU
		{1BE4ECE4-565E-4589-9FD8-670D47D674CF}.Debug|Any CPU.ActiveCfg = Debug|Any CPU
		{1BE4ECE4-565E-4589-9FD8-670D47D674CF}.Debug|Any CPU.Build.0 = Debug|Any CPU
		{1BE4ECE4-565E-4589-9FD8-670D47D674CF}.Release|Any CPU.ActiveCfg = Release|Any CPU
		{1BE4ECE4-565E-4589-9FD8-670D47D674CF}.Release|Any CPU.Build.0 = Release|Any CPU
	EndGlobalSection
EndGlobal
